<?xml version="1.0" encoding="utf-8"?>
<Project ToolsVersion="4.0" xmlns="http://schemas.microsoft.com/developer/msbuild/2003">
  <ItemGroup>
    <Filter Include="Source Files">
      <UniqueIdentifier>{4FC737F1-C7A5-4376-A066-2A32D752A2FF}</UniqueIdentifier>
      <Extensions>cpp;c;cc;cxx;c++;cppm;ixx;def;odl;idl;hpj;bat;asm;asmx</Extensions>
    </Filter>
    <Filter Include="Header Files">
      <UniqueIdentifier>{93995380-89BD-4b04-88EB-625FBE52EBFB}</UniqueIdentifier>
      <Extensions>h;hh;hpp;hxx;h++;hm;inl;inc;ipp;xsd</Extensions>
    </Filter>
    <Filter Include="Resource Files">
      <UniqueIdentifier>{67DA6AB6-F800-4c08-8B7A-83BB121AAD01}</UniqueIdentifier>
      <Extensions>rc;ico;cur;bmp;dlg;rc2;rct;bin;rgs;gif;jpg;jpeg;jpe;resx;tiff;tif;png;wav;mfcribbon-ms</Extensions>
    </Filter>
  </ItemGroup>
  <ItemGroup>
    <ClCompile Include="src\Core\main.cpp">
      <Filter>Source Files</Filter>
    </ClCompile>
    <ClCompile Include="src\pch.cpp">
      <Filter>Source Files</Filter>
    </ClCompile>
    <ClCompile Include="src\Core\Application.cpp">
      <Filter>Source Files</Filter>
    </ClCompile>
    <ClCompile Include="src\Core\StateManager.cpp">
      <Filter>Source Files</Filter>
    </ClCompile>
    <ClCompile Include="src\Core\ResourceManager.cpp">
      <Filter>Source Files</Filter>
    </ClCompile>
    <ClCompile Include="src\States\BeginState.cpp">
      <Filter>Source Files</Filter>
    </ClCompile>
    <ClCompile Include="src\States\GameState.cpp">
      <Filter>Source Files</Filter>
    </ClCompile>
    <ClCompile Include="src\States\State.cpp">
      <Filter>Source Files</Filter>
    </ClCompile>
    <ClCompile Include="src\Core\Camera.cpp">
      <Filter>Source Files</Filter>
    </ClCompile>
    <ClCompile Include="src\Entities\Entity.cpp">
      <Filter>Source Files</Filter>
    </ClCompile>
    <ClCompile Include="src\Entities\Characters\Other\Player.cpp">
      <Filter>Source Files</Filter>
    </ClCompile>
    <ClCompile Include="src\UI\Menu\Menu.cpp">
      <Filter>Source Files</Filter>
    </ClCompile>
    <ClCompile Include="src\UI\Menu\PauseMenu.cpp">
      <Filter>Source Files</Filter>
    </ClCompile>
    <ClCompile Include="src\States\StartMenuState.cpp">
      <Filter>Source Files</Filter>
    </ClCompile>
    <ClCompile Include="src\UI\Menu\StartMenu.cpp">
      <Filter>Source Files</Filter>
    </ClCompile>
    <ClCompile Include="src\UI\Components\Button.cpp">
      <Filter>Source Files</Filter>
    </ClCompile>
    <ClCompile Include="src\States\ExitState.cpp">
      <Filter>Source Files</Filter>
    </ClCompile>
    <ClCompile Include="src\UI\Menu\OptionsMenu.cpp">
      <Filter>Source Files</Filter>
    </ClCompile>
    <ClCompile Include="src\States\OptionsMenuState.cpp">
      <Filter>Source Files</Filter>
    </ClCompile>
    <ClCompile Include="src\Effects\Transition.cpp">
      <Filter>Source Files</Filter>
    </ClCompile>
    <ClCompile Include="src\UI\Components\ScrollBar.cpp">
      <Filter>Source Files</Filter>
    </ClCompile>
    <ClCompile Include="src\UI\Components\CheckBox.cpp">
      <Filter>Source Files</Filter>
    </ClCompile>
    <ClCompile Include="src\States\MainTitleState.cpp">
      <Filter>Source Files</Filter>
    </ClCompile>
    <ClCompile Include="src\States\SelectModeState.cpp">
      <Filter>Source Files</Filter>
    </ClCompile>
    <ClCompile Include="src\UI\Menu\SelectModeMenu.cpp">
      <Filter>Source Files</Filter>
    </ClCompile>
    <ClCompile Include="src\Core\Window.cpp">
      <Filter>Source Files</Filter>
    </ClCompile>
    <ClCompile Include="src\UI\Components\SaveForm.cpp">
      <Filter>Source Files</Filter>
    </ClCompile>
    <ClCompile Include="src\Hud\Hud.cpp">
      <Filter>Source Files</Filter>
    </ClCompile>
    <ClCompile Include="src\Levels\Level.cpp">
      <Filter>Source Files</Filter>
    </ClCompile>
    <ClCompile Include="src\States\ArenaState.cpp">
      <Filter>Source Files</Filter>
    </ClCompile>
    <ClCompile Include="src\Core\LevelManager.cpp">
      <Filter>Source Files</Filter>
    </ClCompile>
    <ClCompile Include="src\Levels\Other\Entrance.cpp">
      <Filter>Source Files</Filter>
    </ClCompile>
    <ClCompile Include="src\Entities\Environments\Ladder.cpp">
      <Filter>Source Files</Filter>
    </ClCompile>
    <ClCompile Include="src\UI\Components\LevelLabel.cpp">
      <Filter>Source Files</Filter>
    </ClCompile>
    <ClCompile Include="src\Entities\Weapons\Weapon.cpp">
      <Filter>Source Files</Filter>
    </ClCompile>
    <ClCompile Include="src\Entities\Weapons\Mace.cpp">
      <Filter>Source Files</Filter>
    </ClCompile>
    <ClCompile Include="src\Entities\Environments\Environment.cpp">
      <Filter>Source Files</Filter>
    </ClCompile>
    <ClCompile Include="src\Entities\Characters\Character.cpp">
      <Filter>Source Files</Filter>
    </ClCompile>
    <ClCompile Include="src\Entities\Weapons\Knife.cpp">
      <Filter>Source Files</Filter>
    </ClCompile>
    <ClCompile Include="src\Entities\Weapons\RustySword.cpp">
      <Filter>Source Files</Filter>
    </ClCompile>
    <ClCompile Include="src\Entities\Weapons\GreatAxe.cpp">
      <Filter>Source Files</Filter>
    </ClCompile>
    <ClCompile Include="src\Entities\Weapons\Sword.cpp">
      <Filter>Source Files</Filter>
    </ClCompile>
    <ClCompile Include="src\Entities\Weapons\MagicSword.cpp">
      <Filter>Source Files</Filter>
    </ClCompile>
    <ClCompile Include="src\Entities\Weapons\Katana.cpp">
      <Filter>Source Files</Filter>
    </ClCompile>
    <ClCompile Include="src\Entities\Weapons\ColossalSword.cpp">
      <Filter>Source Files</Filter>
    </ClCompile>
    <ClCompile Include="src\Entities\Characters\Demons\DemonBoss.cpp">
      <Filter>Source Files</Filter>
    </ClCompile>
    <ClCompile Include="src\Entities\Weapons\Hammer.cpp">
      <Filter>Source Files</Filter>
    </ClCompile>
    <ClCompile Include="src\Entities\Weapons\GreatHammer.cpp">
      <Filter>Source Files</Filter>
    </ClCompile>
    <ClCompile Include="src\Entities\Weapons\GreatMace.cpp">
      <Filter>Source Files</Filter>
    </ClCompile>
    <ClCompile Include="src\Entities\Weapons\GreatSword.cpp">
      <Filter>Source Files</Filter>
    </ClCompile>
    <ClCompile Include="src\Entities\Weapons\Spear.cpp">
      <Filter>Source Files</Filter>
    </ClCompile>
    <ClCompile Include="src\Entities\Weapons\Bow.cpp">
      <Filter>Source Files</Filter>
    </ClCompile>
    <ClCompile Include="src\Entities\Characters\Other\Arrow.cpp">
      <Filter>Source Files</Filter>
    </ClCompile>
    <ClCompile Include="src\Hud\Inventory.cpp">
      <Filter>Source Files</Filter>
    </ClCompile>
    <ClCompile Include="src\Entities\Weapons\HealthPotion.cpp">
      <Filter>Source Files</Filter>
    </ClCompile>
    <ClCompile Include="src\Entities\Weapons\BigHealthPotion.cpp">
      <Filter>Source Files</Filter>
    </ClCompile>
    <ClCompile Include="src\Entities\Weapons\DamagePotion.cpp">
      <Filter>Source Files</Filter>
    </ClCompile>
    <ClCompile Include="src\Entities\Weapons\BigDamagePotion.cpp">
      <Filter>Source Files</Filter>
    </ClCompile>
    <ClCompile Include="src\Entities\Characters\Demons\Demon.cpp">
      <Filter>Source Files</Filter>
    </ClCompile>
    <ClCompile Include="src\Entities\Characters\Demons\HalfDemon.cpp">
      <Filter>Source Files</Filter>
    </ClCompile>
    <ClCompile Include="src\Entities\Characters\Demons\SmallDemon.cpp">
      <Filter>Source Files</Filter>
    </ClCompile>
    <ClCompile Include="src\Hud\MiniMap.cpp">
      <Filter>Source Files</Filter>
    </ClCompile>
    <ClCompile Include="src\Entities\Environments\Coin.cpp">
      <Filter>Source Files</Filter>
    </ClCompile>
    <ClCompile Include="src\Core\SaveManager.cpp">
      <Filter>Source Files</Filter>
    </ClCompile>
    <ClCompile Include="src\Levels\Orcs\OrcsOne.cpp">
      <Filter>Source Files</Filter>
    </ClCompile>
    <ClCompile Include="src\UI\Components\DeleteForm.cpp">
      <Filter>Source Files</Filter>
    </ClCompile>
    <ClCompile Include="src\States\GameOverState.cpp">
      <Filter>Source Files</Filter>
    </ClCompile>
    <ClCompile Include="src\Hud\Shop.cpp">
      <Filter>Source Files</Filter>
    </ClCompile>
    <ClCompile Include="src\Entities\Weapons\GoldenSword.cpp">
      <Filter>Source Files</Filter>
    </ClCompile>
    <ClCompile Include="src\Entities\Weapons\ColossalGoldenSword.cpp">
      <Filter>Source Files</Filter>
    </ClCompile>
    <ClCompile Include="src\Levels\Orcs\OrcsTwo.cpp">
      <Filter>Source Files</Filter>
    </ClCompile>
    <ClCompile Include="src\Entities\Environments\Message.cpp">
      <Filter>Source Files</Filter>
    </ClCompile>
    <ClCompile Include="src\Levels\Orcs\OrcsBoss.cpp">
      <Filter>Source Files</Filter>
    </ClCompile>
    <ClCompile Include="src\Entities\Characters\Orcs\SmallOrc.cpp">
      <Filter>Source Files</Filter>
    </ClCompile>
    <ClCompile Include="src\Entities\Characters\Orcs\Orc.cpp">
      <Filter>Source Files</Filter>
    </ClCompile>
    <ClCompile Include="src\Entities\Characters\Orcs\MaskedOrc.cpp">
      <Filter>Source Files</Filter>
    </ClCompile>
    <ClCompile Include="src\Entities\Characters\Orcs\TribalOrc.cpp">
      <Filter>Source Files</Filter>
    </ClCompile>
    <ClCompile Include="src\Entities\Characters\Orcs\OrcBoss.cpp">
      <Filter>Source Files</Filter>
    </ClCompile>
    <ClCompile Include="src\Entities\Characters\Undeads\SmallUndead.cpp">
      <Filter>Source Files</Filter>
    </ClCompile>
    <ClCompile Include="src\Entities\Characters\Undeads\Undead.cpp">
      <Filter>Source Files</Filter>
    </ClCompile>
    <ClCompile Include="src\Entities\Characters\Undeads\UndeadSlime.cpp">
      <Filter>Source Files</Filter>
    </ClCompile>
    <ClCompile Include="src\Entities\Characters\Undeads\HalfUndead.cpp">
      <Filter>Source Files</Filter>
    </ClCompile>
    <ClCompile Include="src\Entities\Characters\Undeads\UndeadBoss.cpp">
      <Filter>Source Files</Filter>
    </ClCompile>
    <ClCompile Include="src\Entities\Characters\Demons\MagicDemon.cpp">
      <Filter>Source Files</Filter>
    </ClCompile>
    <ClCompile Include="src\Entities\Weapons\OrcAxe.cpp">
      <Filter>Source Files</Filter>
    </ClCompile>
    <ClCompile Include="src\Entities\Characters\Other\Spawner.cpp">
      <Filter>Source Files</Filter>
    </ClCompile>
    <ClCompile Include="src\Core\Random.cpp">
      <Filter>Source Files</Filter>
    </ClCompile>
    <ClCompile Include="src\Levels\Undeads\UndeadsOne.cpp">
      <Filter>Source Files</Filter>
    </ClCompile>
    <ClCompile Include="src\Levels\Undeads\UndeadsTwo.cpp">
      <Filter>Source Files</Filter>
    </ClCompile>
    <ClCompile Include="src\Levels\Undeads\UndeadsBoss.cpp">
      <Filter>Source Files</Filter>
    </ClCompile>
    <ClCompile Include="src\States\WinState.cpp">
      <Filter>Source Files</Filter>
    </ClCompile>
    <ClCompile Include="src\Levels\Demons\DemonsOne.cpp">
      <Filter>Source Files</Filter>
    </ClCompile>
    <ClCompile Include="src\Levels\Demons\DemonsTwo.cpp">
      <Filter>Source Files</Filter>
    </ClCompile>
    <ClCompile Include="src\Levels\Demons\DemonsThree.cpp">
      <Filter>Source Files</Filter>
    </ClCompile>
    <ClCompile Include="src\Levels\Demons\DemonsBoss.cpp">
      <Filter>Source Files</Filter>
    </ClCompile>
  </ItemGroup>
  <ItemGroup>
    <ClInclude Include="src\pch.h">
      <Filter>Header Files</Filter>
    </ClInclude>
    <ClInclude Include="src\Core\Application.h">
      <Filter>Header Files</Filter>
    </ClInclude>
    <ClInclude Include="src\Core\StateManager.h">
      <Filter>Header Files</Filter>
    </ClInclude>
    <ClInclude Include="src\States\StateID.h">
      <Filter>Header Files</Filter>
    </ClInclude>
    <ClInclude Include="src\States\State.h">
      <Filter>Header Files</Filter>
    </ClInclude>
    <ClInclude Include="src\Core\ResourceManager.h">
      <Filter>Header Files</Filter>
    </ClInclude>
    <ClInclude Include="src\States\StartMenuState.h">
      <Filter>Header Files</Filter>
    </ClInclude>
    <ClInclude Include="src\States\BeginState.h">
      <Filter>Header Files</Filter>
    </ClInclude>
    <ClInclude Include="src\States\GameState.h">
      <Filter>Header Files</Filter>
    </ClInclude>
    <ClInclude Include="src\Levels\LevelID.h">
      <Filter>Header Files</Filter>
    </ClInclude>
    <ClInclude Include="src\Core\Camera.h">
      <Filter>Header Files</Filter>
    </ClInclude>
    <ClInclude Include="src\Entities\Entity.h">
      <Filter>Header Files</Filter>
    </ClInclude>
    <ClInclude Include="src\Entities\Characters\Other\Player.h">
      <Filter>Header Files</Filter>
    </ClInclude>
    <ClInclude Include="src\UI\Menu\Menu.h">
      <Filter>Header Files</Filter>
    </ClInclude>
    <ClInclude Include="src\UI\Menu\PauseMenu.h">
      <Filter>Header Files</Filter>
    </ClInclude>
    <ClInclude Include="src\UI\Menu\StartMenu.h">
      <Filter>Header Files</Filter>
    </ClInclude>
    <ClInclude Include="src\UI\Components\Button.h">
      <Filter>Header Files</Filter>
    </ClInclude>
    <ClInclude Include="src\States\ExitState.h">
      <Filter>Header Files</Filter>
    </ClInclude>
    <ClInclude Include="src\UI\Menu\OptionsMenu.h">
      <Filter>Header Files</Filter>
    </ClInclude>
    <ClInclude Include="src\States\OptionsMenuState.h">
      <Filter>Header Files</Filter>
    </ClInclude>
    <ClInclude Include="src\Effects\Transition.h">
      <Filter>Header Files</Filter>
    </ClInclude>
    <ClInclude Include="src\UI\Components\ScrollBar.h">
      <Filter>Header Files</Filter>
    </ClInclude>
    <ClInclude Include="src\UI\Components\CheckBox.h">
      <Filter>Header Files</Filter>
    </ClInclude>
    <ClInclude Include="src\States\MainTitleState.h">
      <Filter>Header Files</Filter>
    </ClInclude>
    <ClInclude Include="src\States\SelectModeState.h">
      <Filter>Header Files</Filter>
    </ClInclude>
    <ClInclude Include="src\UI\Menu\SelectModeMenu.h">
      <Filter>Header Files</Filter>
    </ClInclude>
    <ClInclude Include="src\Core\Window.h">
      <Filter>Header Files</Filter>
    </ClInclude>
    <ClInclude Include="src\UI\Components\SaveForm.h">
      <Filter>Header Files</Filter>
    </ClInclude>
    <ClInclude Include="src\Hud\Hud.h">
      <Filter>Header Files</Filter>
    </ClInclude>
    <ClInclude Include="src\Levels\Level.h">
      <Filter>Header Files</Filter>
    </ClInclude>
    <ClInclude Include="src\States\ArenaState.h">
      <Filter>Header Files</Filter>
    </ClInclude>
    <ClInclude Include="src\Entities\EntityID.h">
      <Filter>Header Files</Filter>
    </ClInclude>
    <ClInclude Include="src\Core\LevelManager.h">
      <Filter>Header Files</Filter>
    </ClInclude>
    <ClInclude Include="src\Levels\Other\Entrance.h">
      <Filter>Header Files</Filter>
    </ClInclude>
    <ClInclude Include="src\Core\GlobalVariables.h">
      <Filter>Header Files</Filter>
    </ClInclude>
    <ClInclude Include="src\Entities\Environments\Ladder.h">
      <Filter>Header Files</Filter>
    </ClInclude>
    <ClInclude Include="src\UI\Components\LevelLabel.h">
      <Filter>Header Files</Filter>
    </ClInclude>
    <ClInclude Include="src\Entities\Weapons\Weapon.h">
      <Filter>Header Files</Filter>
    </ClInclude>
    <ClInclude Include="src\Entities\Weapons\Mace.h">
      <Filter>Header Files</Filter>
    </ClInclude>
    <ClInclude Include="src\Entities\Environments\Environment.h">
      <Filter>Header Files</Filter>
    </ClInclude>
    <ClInclude Include="src\Entities\Characters\Character.h">
      <Filter>Header Files</Filter>
    </ClInclude>
    <ClInclude Include="src\Entities\Weapons\Knife.h">
      <Filter>Header Files</Filter>
    </ClInclude>
    <ClInclude Include="src\Entities\Weapons\RustySword.h">
      <Filter>Header Files</Filter>
    </ClInclude>
    <ClInclude Include="src\Entities\Weapons\GreatAxe.h">
      <Filter>Header Files</Filter>
    </ClInclude>
    <ClInclude Include="src\Entities\Weapons\Sword.h">
      <Filter>Header Files</Filter>
    </ClInclude>
    <ClInclude Include="src\Entities\Weapons\MagicSword.h">
      <Filter>Header Files</Filter>
    </ClInclude>
    <ClInclude Include="src\Entities\Weapons\Katana.h">
      <Filter>Header Files</Filter>
    </ClInclude>
    <ClInclude Include="src\Entities\Weapons\ColossalSword.h">
      <Filter>Header Files</Filter>
    </ClInclude>
    <ClInclude Include="src\Entities\Characters\Demons\DemonBoss.h">
      <Filter>Header Files</Filter>
    </ClInclude>
    <ClInclude Include="src\Entities\Weapons\Hammer.h">
      <Filter>Header Files</Filter>
    </ClInclude>
    <ClInclude Include="src\Entities\Weapons\GreatHammer.h">
      <Filter>Header Files</Filter>
    </ClInclude>
    <ClInclude Include="src\Entities\Weapons\GreatMace.h">
      <Filter>Header Files</Filter>
    </ClInclude>
    <ClInclude Include="src\Entities\Weapons\GreatSword.h">
      <Filter>Header Files</Filter>
    </ClInclude>
    <ClInclude Include="src\Entities\Weapons\Spear.h">
      <Filter>Header Files</Filter>
    </ClInclude>
    <ClInclude Include="src\Entities\Weapons\Bow.h">
      <Filter>Header Files</Filter>
    </ClInclude>
    <ClInclude Include="src\Entities\Characters\Other\Arrow.h">
      <Filter>Header Files</Filter>
    </ClInclude>
    <ClInclude Include="src\Hud\Inventory.h">
      <Filter>Header Files</Filter>
    </ClInclude>
    <ClInclude Include="src\Entities\Weapons\HealthPotion.h">
      <Filter>Header Files</Filter>
    </ClInclude>
    <ClInclude Include="src\Entities\Weapons\BigHealthPotion.h">
      <Filter>Header Files</Filter>
    </ClInclude>
    <ClInclude Include="src\Entities\Weapons\DamagePotion.h">
      <Filter>Header Files</Filter>
    </ClInclude>
    <ClInclude Include="src\Entities\Weapons\BigDamagePotion.h">
      <Filter>Header Files</Filter>
    </ClInclude>
    <ClInclude Include="src\Entities\Characters\Demons\Demon.h">
      <Filter>Header Files</Filter>
    </ClInclude>
    <ClInclude Include="src\Entities\Characters\Demons\HalfDemon.h">
      <Filter>Header Files</Filter>
    </ClInclude>
    <ClInclude Include="src\Entities\Characters\Demons\SmallDemon.h">
      <Filter>Header Files</Filter>
    </ClInclude>
    <ClInclude Include="src\Hud\MiniMap.h">
      <Filter>Header Files</Filter>
    </ClInclude>
    <ClInclude Include="src\Entities\Environments\Coin.h">
      <Filter>Header Files</Filter>
    </ClInclude>
    <ClInclude Include="src\Core\SaveManager.h">
      <Filter>Header Files</Filter>
    </ClInclude>
    <ClInclude Include="src\Core\SaveVariables.h">
      <Filter>Header Files</Filter>
    </ClInclude>
    <ClInclude Include="src\Levels\Orcs\OrcsOne.h">
      <Filter>Header Files</Filter>
    </ClInclude>
    <ClInclude Include="src\UI\Components\DeleteForm.h">
      <Filter>Header Files</Filter>
    </ClInclude>
    <ClInclude Include="src\Core\MusicVariables.h">
      <Filter>Header Files</Filter>
    </ClInclude>
    <ClInclude Include="src\States\GameOverState.h">
      <Filter>Header Files</Filter>
    </ClInclude>
    <ClInclude Include="src\Hud\Shop.h">
      <Filter>Header Files</Filter>
    </ClInclude>
    <ClInclude Include="src\Entities\Weapons\GoldenSword.h">
      <Filter>Header Files</Filter>
    </ClInclude>
    <ClInclude Include="src\Entities\Weapons\ColossalGoldenSword.h">
      <Filter>Header Files</Filter>
    </ClInclude>
    <ClInclude Include="src\Entities\Weapons\WeaponInclude.h">
      <Filter>Header Files</Filter>
    </ClInclude>
    <ClInclude Include="src\Levels\Orcs\OrcsTwo.h">
      <Filter>Header Files</Filter>
    </ClInclude>
    <ClInclude Include="src\Entities\Environments\Message.h">
      <Filter>Header Files</Filter>
    </ClInclude>
    <ClInclude Include="src\Levels\Orcs\OrcsBoss.h">
      <Filter>Header Files</Filter>
    </ClInclude>
    <ClInclude Include="src\Entities\Characters\Orcs\SmallOrc.h">
      <Filter>Header Files</Filter>
    </ClInclude>
    <ClInclude Include="src\Entities\Characters\Orcs\Orc.h">
      <Filter>Header Files</Filter>
    </ClInclude>
    <ClInclude Include="src\Entities\Characters\Orcs\MaskedOrc.h">
      <Filter>Header Files</Filter>
    </ClInclude>
    <ClInclude Include="src\Entities\Characters\Orcs\TribalOrc.h">
      <Filter>Header Files</Filter>
    </ClInclude>
    <ClInclude Include="src\Entities\Characters\Orcs\OrcBoss.h">
      <Filter>Header Files</Filter>
    </ClInclude>
    <ClInclude Include="src\Entities\Characters\Undeads\SmallUndead.h">
      <Filter>Header Files</Filter>
    </ClInclude>
    <ClInclude Include="src\Entities\Characters\Undeads\Undead.h">
      <Filter>Header Files</Filter>
    </ClInclude>
    <ClInclude Include="src\Entities\Characters\Undeads\UndeadSlime.h">
      <Filter>Header Files</Filter>
    </ClInclude>
    <ClInclude Include="src\Entities\Characters\Undeads\HalfUndead.h">
      <Filter>Header Files</Filter>
    </ClInclude>
    <ClInclude Include="src\Entities\Characters\Undeads\UndeadBoss.h">
      <Filter>Header Files</Filter>
    </ClInclude>
    <ClInclude Include="src\Entities\Characters\Demons\MagicDemon.h">
      <Filter>Header Files</Filter>
    </ClInclude>
    <ClInclude Include="src\Entities\Weapons\OrcAxe.h">
      <Filter>Header Files</Filter>
    </ClInclude>
    <ClInclude Include="src\Entities\Characters\Other\Spawner.h">
      <Filter>Header Files</Filter>
    </ClInclude>
    <ClInclude Include="src\Entities\EntityInclude.h">
      <Filter>Header Files</Filter>
    </ClInclude>
    <ClInclude Include="src\Core\Random.h">
      <Filter>Header Files</Filter>
    </ClInclude>
    <ClInclude Include="src\Levels\Undeads\UndeadsOne.h">
      <Filter>Header Files</Filter>
    </ClInclude>
    <ClInclude Include="src\Levels\Undeads\UndeadsTwo.h">
      <Filter>Header Files</Filter>
    </ClInclude>
    <ClInclude Include="src\Levels\Undeads\UndeadsBoss.h">
      <Filter>Header Files</Filter>
    </ClInclude>
    <ClInclude Include="src\States\WinState.h">
      <Filter>Header Files</Filter>
    </ClInclude>
    <ClInclude Include="src\Levels\Demons\DemonsOne.h">
      <Filter>Header Files</Filter>
    </ClInclude>
    <ClInclude Include="src\Levels\Demons\DemonsTwo.h">
      <Filter>Header Files</Filter>
    </ClInclude>
    <ClInclude Include="src\Levels\Demons\DemonsThree.h">
      <Filter>Header Files</Filter>
    </ClInclude>
    <ClInclude Include="src\Levels\Demons\DemonsBoss.h">
      <Filter>Header Files</Filter>
    </ClInclude>
  </ItemGroup>
  <ItemGroup>
    <Image Include="res\cursor.png">
      <Filter>Resource Files</Filter>
    </Image>
    <Image Include="res\cursor64.png">
      <Filter>Resource Files</Filter>
    </Image>
    <Image Include="res\icon.png">
      <Filter>Resource Files</Filter>
    </Image>
    <Image Include="res\map\tileset.png">
      <Filter>Resource Files</Filter>
    </Image>
  </ItemGroup>
  <ItemGroup>
    <Text Include="res\font.txt" />
    <Text Include="res\LICENSE.txt" />
  </ItemGroup>
  <ItemGroup>
    <Font Include="res\DungeonFont.ttf" />
  </ItemGroup>
  <ItemGroup>
    <None Include="res\map\arena.tmx" />
    <None Include="res\map\hub.tmx" />
    <None Include="res\map\underground.tmx" />
  </ItemGroup>
</Project>